
Microsoft Visual Studio Solution File, Format Version 12.00
# Visual Studio Version 17
VisualStudioVersion = 17.10.35122.118
MinimumVisualStudioVersion = 10.0.40219.1
Project("{FAE04EC0-301F-11D3-BF4B-00C04F79EFBC}") = "Proyecto_HolaMundo", "Proyecto_HolaMundo\Proyecto_HolaMundo.csproj", "{24948F0D-0AD1-4355-A354-96B86256344D}"
EndProject
Project("{FAE04EC0-301F-11D3-BF4B-00C04F79EFBC}") = "Proyecto_DatosPrimitivos", "Proyecto_DatosPrimitivos\Proyecto_DatosPrimitivos.csproj", "{D17C6A45-CDA0-48D9-B27A-46825F2F4AD3}"
EndProject
Project("{FAE04EC0-301F-11D3-BF4B-00C04F79EFBC}") = "Proyecto_OperadoresRelacionales", "Proyecto_OperadoresRelacionales\Proyecto_OperadoresRelacionales.csproj", "{C132F9BC-CA5A-45D3-8606-027F6AFF2474}"
EndProject
Project("{FAE04EC0-301F-11D3-BF4B-00C04F79EFBC}") = "Proyecto_OperadoresLogicos", "Proyecto_OperadoresLogicos\Proyecto_OperadoresLogicos.csproj", "{1117D008-6C14-4789-8CA5-05DF12F668B0}"
EndProject
Project("{FAE04EC0-301F-11D3-BF4B-00C04F79EFBC}") = "Proyecto_ConversionTiposdeDatos", "Proyecto_ConversionTiposdeDatos\Proyecto_ConversionTiposdeDatos.csproj", "{8AC0B5B0-BE92-4640-972F-B3B60F33D047}"
EndProject
Global
	GlobalSection(SolutionConfigurationPlatforms) = preSolution
		Debug|Any CPU = Debug|Any CPU
		Release|Any CPU = Release|Any CPU
	EndGlobalSection
	GlobalSection(ProjectConfigurationPlatforms) = postSolution
		{24948F0D-0AD1-4355-A354-96B86256344D}.Debug|Any CPU.ActiveCfg = Debug|Any CPU
		{24948F0D-0AD1-4355-A354-96B86256344D}.Debug|Any CPU.Build.0 = Debug|Any CPU
		{24948F0D-0AD1-4355-A354-96B86256344D}.Release|Any CPU.ActiveCfg = Release|Any CPU
		{24948F0D-0AD1-4355-A354-96B86256344D}.Release|Any CPU.Build.0 = Release|Any CPU
		{D17C6A45-CDA0-48D9-B27A-46825F2F4AD3}.Debug|Any CPU.ActiveCfg = Debug|Any CPU
		{D17C6A45-CDA0-48D9-B27A-46825F2F4AD3}.Debug|Any CPU.Build.0 = Debug|Any CPU
		{D17C6A45-CDA0-48D9-B27A-46825F2F4AD3}.Release|Any CPU.ActiveCfg = Release|Any CPU
		{D17C6A45-CDA0-48D9-B27A-46825F2F4AD3}.Release|Any CPU.Build.0 = Release|Any CPU
		{C132F9BC-CA5A-45D3-8606-027F6AFF2474}.Debug|Any CPU.ActiveCfg = Debug|Any CPU
		{C132F9BC-CA5A-45D3-8606-027F6AFF2474}.Debug|Any CPU.Build.0 = Debug|Any CPU
		{C132F9BC-CA5A-45D3-8606-027F6AFF2474}.Release|Any CPU.ActiveCfg = Release|Any CPU
		{C132F9BC-CA5A-45D3-8606-027F6AFF2474}.Release|Any CPU.Build.0 = Release|Any CPU
		{1117D008-6C14-4789-8CA5-05DF12F668B0}.Debug|Any CPU.ActiveCfg = Debug|Any CPU
		{1117D008-6C14-4789-8CA5-05DF12F668B0}.Debug|Any CPU.Build.0 = Debug|Any CPU
		{1117D008-6C14-4789-8CA5-05DF12F668B0}.Release|Any CPU.ActiveCfg = Release|Any CPU
		{1117D008-6C14-4789-8CA5-05DF12F668B0}.Release|Any CPU.Build.0 = Release|Any CPU
		{8AC0B5B0-BE92-4640-972F-B3B60F33D047}.Debug|Any CPU.ActiveCfg = Debug|Any CPU
		{8AC0B5B0-BE92-4640-972F-B3B60F33D047}.Debug|Any CPU.Build.0 = Debug|Any CPU
		{8AC0B5B0-BE92-4640-972F-B3B60F33D047}.Release|Any CPU.ActiveCfg = Release|Any CPU
		{8AC0B5B0-BE92-4640-972F-B3B60F33D047}.Release|Any CPU.Build.0 = Release|Any CPU
	EndGlobalSection
	GlobalSection(SolutionProperties) = preSolution
		HideSolutionNode = FALSE
	EndGlobalSection
	GlobalSection(ExtensibilityGlobals) = postSolution
		SolutionGuid = {E15CEBA4-F31B-4F1F-9525-1A7EBCECC142}
	EndGlobalSection
EndGlobal
